
Microsoft Visual Studio Solution File, Format Version 12.00
# Visual Studio Version 16
VisualStudioVersion = 16.0.30907.101
MinimumVisualStudioVersion = 10.0.40219.1
Project("{FAE04EC0-301F-11D3-BF4B-00C04F79EFBC}") = "TD2A5", "TD2A5.csproj", "{C2DD6416-0EAF-4964-ACCA-A3A2B1E135B9}"
EndProject
Project("{FAE04EC0-301F-11D3-BF4B-00C04F79EFBC}") = "QRCodeTD6", "..\QRCode\QRCodeTD6.csproj", "{A63FEAA3-B348-4087-B53D-92CFD8B23E9B}"
EndProject
Global
	GlobalSection(SolutionConfigurationPlatforms) = preSolution
		Debug|Any CPU = Debug|Any CPU
		Release|Any CPU = Release|Any CPU
	EndGlobalSection
	GlobalSection(ProjectConfigurationPlatforms) = postSolution
		{C2DD6416-0EAF-4964-ACCA-A3A2B1E135B9}.Debug|Any CPU.ActiveCfg = Debug|Any CPU
		{C2DD6416-0EAF-4964-ACCA-A3A2B1E135B9}.Debug|Any CPU.Build.0 = Debug|Any CPU
		{C2DD6416-0EAF-4964-ACCA-A3A2B1E135B9}.Release|Any CPU.ActiveCfg = Release|Any CPU
		{C2DD6416-0EAF-4964-ACCA-A3A2B1E135B9}.Release|Any CPU.Build.0 = Release|Any CPU
		{A63FEAA3-B348-4087-B53D-92CFD8B23E9B}.Debug|Any CPU.ActiveCfg = Debug|Any CPU
		{A63FEAA3-B348-4087-B53D-92CFD8B23E9B}.Debug|Any CPU.Build.0 = Debug|Any CPU
		{A63FEAA3-B348-4087-B53D-92CFD8B23E9B}.Release|Any CPU.ActiveCfg = Release|Any CPU
		{A63FEAA3-B348-4087-B53D-92CFD8B23E9B}.Release|Any CPU.Build.0 = Release|Any CPU
	EndGlobalSection
	GlobalSection(SolutionProperties) = preSolution
		HideSolutionNode = FALSE
	EndGlobalSection
	GlobalSection(ExtensibilityGlobals) = postSolution
		SolutionGuid = {6C0A4467-14C3-4C02-9BE2-C6AC456D5B6F}
	EndGlobalSection
EndGlobal
